
Microsoft Visual Studio Solution File, Format Version 12.00
Project("{FAE04EC0-301F-11D3-BF4B-00C04F79EFBC}") = "Relevance-Analysis", "Relevance-Analysis\Relevance-Analysis.csproj", "{D78B14A4-9368-4822-9FC2-6D20DDBCD66D}"
EndProject
Project("{FAE04EC0-301F-11D3-BF4B-00C04F79EFBC}") = "Feedback-Extraction", "Feedback-Extraction\Feedback-Extraction.csproj", "{187D8931-1BC5-4B5A-A468-B7EEE6C5B6F5}"
EndProject
Project("{FAE04EC0-301F-11D3-BF4B-00C04F79EFBC}") = "Opinion-Mining", "Opinion-Mining\Opinion-Mining.csproj", "{6F027271-AE4B-430A-A0F7-48BF26B9EBC4}"
EndProject
Project("{FAE04EC0-301F-11D3-BF4B-00C04F79EFBC}") = "Opinion-Points", "Opinion-Points\Opinion-Points.csproj", "{C4B7D5BE-1827-46AD-BDBB-6C9647D1F44D}"
EndProject
Project("{FAE04EC0-301F-11D3-BF4B-00C04F79EFBC}") = "Categorize-Opinions", "Categorize-Opinions\Categorize-Opinions.csproj", "{5C7E57A1-4B02-4828-AA25-6F7EB56EC2A2}"
EndProject
Project("{2150E333-8FDC-42A3-9474-1A3956D46DE8}") = "Feedbacks", "Feedbacks", "{04632B47-0FA7-4022-BC1B-B72D00717CD0}"
EndProject
Project("{FAE04EC0-301F-11D3-BF4B-00C04F79EFBC}") = "Feedbacks", "Feedbacks\Feedbacks.csproj", "{1062EF6B-81D7-44E7-9F5E-A38CF288D735}"
EndProject
Project("{2150E333-8FDC-42A3-9474-1A3956D46DE8}") = "01.v", "01.v", "{B6A2D853-0DEA-461E-AF07-002DC0DC5EEA}"
EndProject
Project("{2150E333-8FDC-42A3-9474-1A3956D46DE8}") = "02.v", "02.v", "{8496DF06-58D4-4D7E-B0A8-78A8C4146BB2}"
EndProject
Project("{FAE04EC0-301F-11D3-BF4B-00C04F79EFBC}") = "Revelvance-Analysis.02", "Revelvance-Analysis.02\Revelvance-Analysis.02.csproj", "{C487F205-08D0-4816-8323-6B06A3AA591F}"
EndProject
Project("{FAE04EC0-301F-11D3-BF4B-00C04F79EFBC}") = "Relevant-Extraction.02", "Relevant-Extraction.02\Relevant-Extraction.02.csproj", "{9C28984C-F4D7-4824-AD5C-100894D04297}"
EndProject
Project("{FAE04EC0-301F-11D3-BF4B-00C04F79EFBC}") = "Redact-Personal-Information.02", "Redact-Personal-Information.02\Redact-Personal-Information.02.csproj", "{7AE436D1-3F82-4BB4-9310-6E290F008FC0}"
EndProject
Project("{FAE04EC0-301F-11D3-BF4B-00C04F79EFBC}") = "Language-Recognition.02", "Language-Recognition.02\Language-Recognition.02.csproj", "{D13E7B70-32C3-444B-A4D1-C5D5E499CDC7}"
EndProject
Project("{FAE04EC0-301F-11D3-BF4B-00C04F79EFBC}") = "Opinion-Points.02", "Opinion-Points.02\Opinion-Points.02.csproj", "{7F0F4818-8537-4540-80F2-56ED3FE17203}"
EndProject
Project("{FAE04EC0-301F-11D3-BF4B-00C04F79EFBC}") = "Opinion-Mining.0.2", "Opinion-Mining.0.2\Opinion-Mining.0.2.csproj", "{E31C904E-0C8C-4EB4-ADC9-D1959BD8FFC1}"
EndProject
Project("{FAE04EC0-301F-11D3-BF4B-00C04F79EFBC}") = "Categorize-Opinions.0.2", "Categorize-Opinions.0.2\Categorize-Opinions.0.2.csproj", "{F4EB4293-8D34-40D7-BB81-A4D6F7F212BD}"
EndProject
Project("{FAE04EC0-301F-11D3-BF4B-00C04F79EFBC}") = "Actionable-Points0.2", "Actionable-Points0.2\Actionable-Points0.2.csproj", "{B83F2C9C-8D46-4332-BE33-9969041581E2}"
EndProject
Project("{FAE04EC0-301F-11D3-BF4B-00C04F79EFBC}") = "Entity-Identification.02", "Entity-Identification.02\Entity-Identification.02.csproj", "{BA9705C6-2BDE-49AF-87F6-97452309F88B}"
EndProject
Project("{FAE04EC0-301F-11D3-BF4B-00C04F79EFBC}") = "Question-Points.02", "Question-Points.02\Question-Points.02.csproj", "{DF3AB6D4-0BD4-482B-AD05-670AE9869FF2}"
EndProject
Project("{FAE04EC0-301F-11D3-BF4B-00C04F79EFBC}") = "Calculate NPS 0.2", "Calculate NPS 0.2\Calculate NPS 0.2.csproj", "{900F6AD3-EE50-4B4F-A6EF-A668ED3C36F8}"
EndProject
Project("{FAE04EC0-301F-11D3-BF4B-00C04F79EFBC}") = "Calculate CSAT0.2", "Calculate CSAT0.2\Calculate CSAT0.2.csproj", "{0518E6AB-E9DE-47A9-9A8A-314132C13050}"
EndProject
Project("{FAE04EC0-301F-11D3-BF4B-00C04F79EFBC}") = "Calculate CES 0.2", "Calculate CES 0.2\Calculate CES 0.2.csproj", "{3CDDB120-9209-4095-8A85-80E4AB2A6A3A}"
EndProject
Project("{2150E333-8FDC-42A3-9474-1A3956D46DE8}") = "AdditionalPrompts", "AdditionalPrompts", "{94D3F7D5-4E15-4DC6-ACC6-F3DD664CE45E}"
EndProject
Project("{FAE04EC0-301F-11D3-BF4B-00C04F79EFBC}") = "AdditionalPrompts", "AdditionalPrompts\AdditionalPrompts.csproj", "{931BE85D-4B43-4ACE-B06E-B7602DAB2F84}"
EndProject
Project("{2150E333-8FDC-42A3-9474-1A3956D46DE8}") = "Testing", "Testing", "{1702903B-921E-4870-9FD7-382664A92E23}"
EndProject
Project("{FAE04EC0-301F-11D3-BF4B-00C04F79EFBC}") = "Testing", "Testing\Testing.csproj", "{800CE257-EE54-40C9-8DDD-E7E0368581A0}"
EndProject
Global
	GlobalSection(SolutionConfigurationPlatforms) = preSolution
		Debug|Any CPU = Debug|Any CPU
		Release|Any CPU = Release|Any CPU
	EndGlobalSection
	GlobalSection(ProjectConfigurationPlatforms) = postSolution
		{D78B14A4-9368-4822-9FC2-6D20DDBCD66D}.Debug|Any CPU.ActiveCfg = Debug|Any CPU
		{D78B14A4-9368-4822-9FC2-6D20DDBCD66D}.Debug|Any CPU.Build.0 = Debug|Any CPU
		{D78B14A4-9368-4822-9FC2-6D20DDBCD66D}.Release|Any CPU.ActiveCfg = Release|Any CPU
		{D78B14A4-9368-4822-9FC2-6D20DDBCD66D}.Release|Any CPU.Build.0 = Release|Any CPU
		{187D8931-1BC5-4B5A-A468-B7EEE6C5B6F5}.Debug|Any CPU.ActiveCfg = Debug|Any CPU
		{187D8931-1BC5-4B5A-A468-B7EEE6C5B6F5}.Debug|Any CPU.Build.0 = Debug|Any CPU
		{187D8931-1BC5-4B5A-A468-B7EEE6C5B6F5}.Release|Any CPU.ActiveCfg = Release|Any CPU
		{187D8931-1BC5-4B5A-A468-B7EEE6C5B6F5}.Release|Any CPU.Build.0 = Release|Any CPU
		{6F027271-AE4B-430A-A0F7-48BF26B9EBC4}.Debug|Any CPU.ActiveCfg = Debug|Any CPU
		{6F027271-AE4B-430A-A0F7-48BF26B9EBC4}.Debug|Any CPU.Build.0 = Debug|Any CPU
		{6F027271-AE4B-430A-A0F7-48BF26B9EBC4}.Release|Any CPU.ActiveCfg = Release|Any CPU
		{6F027271-AE4B-430A-A0F7-48BF26B9EBC4}.Release|Any CPU.Build.0 = Release|Any CPU
		{C4B7D5BE-1827-46AD-BDBB-6C9647D1F44D}.Debug|Any CPU.ActiveCfg = Debug|Any CPU
		{C4B7D5BE-1827-46AD-BDBB-6C9647D1F44D}.Debug|Any CPU.Build.0 = Debug|Any CPU
		{C4B7D5BE-1827-46AD-BDBB-6C9647D1F44D}.Release|Any CPU.ActiveCfg = Release|Any CPU
		{C4B7D5BE-1827-46AD-BDBB-6C9647D1F44D}.Release|Any CPU.Build.0 = Release|Any CPU
		{5C7E57A1-4B02-4828-AA25-6F7EB56EC2A2}.Debug|Any CPU.ActiveCfg = Debug|Any CPU
		{5C7E57A1-4B02-4828-AA25-6F7EB56EC2A2}.Debug|Any CPU.Build.0 = Debug|Any CPU
		{5C7E57A1-4B02-4828-AA25-6F7EB56EC2A2}.Release|Any CPU.ActiveCfg = Release|Any CPU
		{5C7E57A1-4B02-4828-AA25-6F7EB56EC2A2}.Release|Any CPU.Build.0 = Release|Any CPU
		{1062EF6B-81D7-44E7-9F5E-A38CF288D735}.Debug|Any CPU.ActiveCfg = Debug|Any CPU
		{1062EF6B-81D7-44E7-9F5E-A38CF288D735}.Debug|Any CPU.Build.0 = Debug|Any CPU
		{1062EF6B-81D7-44E7-9F5E-A38CF288D735}.Release|Any CPU.ActiveCfg = Release|Any CPU
		{1062EF6B-81D7-44E7-9F5E-A38CF288D735}.Release|Any CPU.Build.0 = Release|Any CPU
		{C487F205-08D0-4816-8323-6B06A3AA591F}.Debug|Any CPU.ActiveCfg = Debug|Any CPU
		{C487F205-08D0-4816-8323-6B06A3AA591F}.Debug|Any CPU.Build.0 = Debug|Any CPU
		{C487F205-08D0-4816-8323-6B06A3AA591F}.Release|Any CPU.ActiveCfg = Release|Any CPU
		{C487F205-08D0-4816-8323-6B06A3AA591F}.Release|Any CPU.Build.0 = Release|Any CPU
		{9C28984C-F4D7-4824-AD5C-100894D04297}.Debug|Any CPU.ActiveCfg = Debug|Any CPU
		{9C28984C-F4D7-4824-AD5C-100894D04297}.Debug|Any CPU.Build.0 = Debug|Any CPU
		{9C28984C-F4D7-4824-AD5C-100894D04297}.Release|Any CPU.ActiveCfg = Release|Any CPU
		{9C28984C-F4D7-4824-AD5C-100894D04297}.Release|Any CPU.Build.0 = Release|Any CPU
		{7AE436D1-3F82-4BB4-9310-6E290F008FC0}.Debug|Any CPU.ActiveCfg = Debug|Any CPU
		{7AE436D1-3F82-4BB4-9310-6E290F008FC0}.Debug|Any CPU.Build.0 = Debug|Any CPU
		{7AE436D1-3F82-4BB4-9310-6E290F008FC0}.Release|Any CPU.ActiveCfg = Release|Any CPU
		{7AE436D1-3F82-4BB4-9310-6E290F008FC0}.Release|Any CPU.Build.0 = Release|Any CPU
		{D13E7B70-32C3-444B-A4D1-C5D5E499CDC7}.Debug|Any CPU.ActiveCfg = Debug|Any CPU
		{D13E7B70-32C3-444B-A4D1-C5D5E499CDC7}.Debug|Any CPU.Build.0 = Debug|Any CPU
		{D13E7B70-32C3-444B-A4D1-C5D5E499CDC7}.Release|Any CPU.ActiveCfg = Release|Any CPU
		{D13E7B70-32C3-444B-A4D1-C5D5E499CDC7}.Release|Any CPU.Build.0 = Release|Any CPU
		{7F0F4818-8537-4540-80F2-56ED3FE17203}.Debug|Any CPU.ActiveCfg = Debug|Any CPU
		{7F0F4818-8537-4540-80F2-56ED3FE17203}.Debug|Any CPU.Build.0 = Debug|Any CPU
		{7F0F4818-8537-4540-80F2-56ED3FE17203}.Release|Any CPU.ActiveCfg = Release|Any CPU
		{7F0F4818-8537-4540-80F2-56ED3FE17203}.Release|Any CPU.Build.0 = Release|Any CPU
		{E31C904E-0C8C-4EB4-ADC9-D1959BD8FFC1}.Debug|Any CPU.ActiveCfg = Debug|Any CPU
		{E31C904E-0C8C-4EB4-ADC9-D1959BD8FFC1}.Debug|Any CPU.Build.0 = Debug|Any CPU
		{E31C904E-0C8C-4EB4-ADC9-D1959BD8FFC1}.Release|Any CPU.ActiveCfg = Release|Any CPU
		{E31C904E-0C8C-4EB4-ADC9-D1959BD8FFC1}.Release|Any CPU.Build.0 = Release|Any CPU
		{F4EB4293-8D34-40D7-BB81-A4D6F7F212BD}.Debug|Any CPU.ActiveCfg = Debug|Any CPU
		{F4EB4293-8D34-40D7-BB81-A4D6F7F212BD}.Debug|Any CPU.Build.0 = Debug|Any CPU
		{F4EB4293-8D34-40D7-BB81-A4D6F7F212BD}.Release|Any CPU.ActiveCfg = Release|Any CPU
		{F4EB4293-8D34-40D7-BB81-A4D6F7F212BD}.Release|Any CPU.Build.0 = Release|Any CPU
		{B83F2C9C-8D46-4332-BE33-9969041581E2}.Debug|Any CPU.ActiveCfg = Debug|Any CPU
		{B83F2C9C-8D46-4332-BE33-9969041581E2}.Debug|Any CPU.Build.0 = Debug|Any CPU
		{B83F2C9C-8D46-4332-BE33-9969041581E2}.Release|Any CPU.ActiveCfg = Release|Any CPU
		{B83F2C9C-8D46-4332-BE33-9969041581E2}.Release|Any CPU.Build.0 = Release|Any CPU
		{BA9705C6-2BDE-49AF-87F6-97452309F88B}.Debug|Any CPU.ActiveCfg = Debug|Any CPU
		{BA9705C6-2BDE-49AF-87F6-97452309F88B}.Debug|Any CPU.Build.0 = Debug|Any CPU
		{BA9705C6-2BDE-49AF-87F6-97452309F88B}.Release|Any CPU.ActiveCfg = Release|Any CPU
		{BA9705C6-2BDE-49AF-87F6-97452309F88B}.Release|Any CPU.Build.0 = Release|Any CPU
		{DF3AB6D4-0BD4-482B-AD05-670AE9869FF2}.Debug|Any CPU.ActiveCfg = Debug|Any CPU
		{DF3AB6D4-0BD4-482B-AD05-670AE9869FF2}.Debug|Any CPU.Build.0 = Debug|Any CPU
		{DF3AB6D4-0BD4-482B-AD05-670AE9869FF2}.Release|Any CPU.ActiveCfg = Release|Any CPU
		{DF3AB6D4-0BD4-482B-AD05-670AE9869FF2}.Release|Any CPU.Build.0 = Release|Any CPU
		{900F6AD3-EE50-4B4F-A6EF-A668ED3C36F8}.Debug|Any CPU.ActiveCfg = Debug|Any CPU
		{900F6AD3-EE50-4B4F-A6EF-A668ED3C36F8}.Debug|Any CPU.Build.0 = Debug|Any CPU
		{900F6AD3-EE50-4B4F-A6EF-A668ED3C36F8}.Release|Any CPU.ActiveCfg = Release|Any CPU
		{900F6AD3-EE50-4B4F-A6EF-A668ED3C36F8}.Release|Any CPU.Build.0 = Release|Any CPU
		{0518E6AB-E9DE-47A9-9A8A-314132C13050}.Debug|Any CPU.ActiveCfg = Debug|Any CPU
		{0518E6AB-E9DE-47A9-9A8A-314132C13050}.Debug|Any CPU.Build.0 = Debug|Any CPU
		{0518E6AB-E9DE-47A9-9A8A-314132C13050}.Release|Any CPU.ActiveCfg = Release|Any CPU
		{0518E6AB-E9DE-47A9-9A8A-314132C13050}.Release|Any CPU.Build.0 = Release|Any CPU
		{3CDDB120-9209-4095-8A85-80E4AB2A6A3A}.Debug|Any CPU.ActiveCfg = Debug|Any CPU
		{3CDDB120-9209-4095-8A85-80E4AB2A6A3A}.Debug|Any CPU.Build.0 = Debug|Any CPU
		{3CDDB120-9209-4095-8A85-80E4AB2A6A3A}.Release|Any CPU.ActiveCfg = Release|Any CPU
		{3CDDB120-9209-4095-8A85-80E4AB2A6A3A}.Release|Any CPU.Build.0 = Release|Any CPU
		{931BE85D-4B43-4ACE-B06E-B7602DAB2F84}.Debug|Any CPU.ActiveCfg = Debug|Any CPU
		{931BE85D-4B43-4ACE-B06E-B7602DAB2F84}.Debug|Any CPU.Build.0 = Debug|Any CPU
		{931BE85D-4B43-4ACE-B06E-B7602DAB2F84}.Release|Any CPU.ActiveCfg = Release|Any CPU
		{931BE85D-4B43-4ACE-B06E-B7602DAB2F84}.Release|Any CPU.Build.0 = Release|Any CPU
		{800CE257-EE54-40C9-8DDD-E7E0368581A0}.Debug|Any CPU.ActiveCfg = Debug|Any CPU
		{800CE257-EE54-40C9-8DDD-E7E0368581A0}.Debug|Any CPU.Build.0 = Debug|Any CPU
		{800CE257-EE54-40C9-8DDD-E7E0368581A0}.Release|Any CPU.ActiveCfg = Release|Any CPU
		{800CE257-EE54-40C9-8DDD-E7E0368581A0}.Release|Any CPU.Build.0 = Release|Any CPU
	EndGlobalSection
	GlobalSection(NestedProjects) = preSolution
		{1062EF6B-81D7-44E7-9F5E-A38CF288D735} = {04632B47-0FA7-4022-BC1B-B72D00717CD0}
		{5C7E57A1-4B02-4828-AA25-6F7EB56EC2A2} = {B6A2D853-0DEA-461E-AF07-002DC0DC5EEA}
		{187D8931-1BC5-4B5A-A468-B7EEE6C5B6F5} = {B6A2D853-0DEA-461E-AF07-002DC0DC5EEA}
		{6F027271-AE4B-430A-A0F7-48BF26B9EBC4} = {B6A2D853-0DEA-461E-AF07-002DC0DC5EEA}
		{C4B7D5BE-1827-46AD-BDBB-6C9647D1F44D} = {B6A2D853-0DEA-461E-AF07-002DC0DC5EEA}
		{D78B14A4-9368-4822-9FC2-6D20DDBCD66D} = {B6A2D853-0DEA-461E-AF07-002DC0DC5EEA}
		{C487F205-08D0-4816-8323-6B06A3AA591F} = {8496DF06-58D4-4D7E-B0A8-78A8C4146BB2}
		{9C28984C-F4D7-4824-AD5C-100894D04297} = {8496DF06-58D4-4D7E-B0A8-78A8C4146BB2}
		{7AE436D1-3F82-4BB4-9310-6E290F008FC0} = {8496DF06-58D4-4D7E-B0A8-78A8C4146BB2}
		{D13E7B70-32C3-444B-A4D1-C5D5E499CDC7} = {8496DF06-58D4-4D7E-B0A8-78A8C4146BB2}
		{7F0F4818-8537-4540-80F2-56ED3FE17203} = {8496DF06-58D4-4D7E-B0A8-78A8C4146BB2}
		{E31C904E-0C8C-4EB4-ADC9-D1959BD8FFC1} = {8496DF06-58D4-4D7E-B0A8-78A8C4146BB2}
		{F4EB4293-8D34-40D7-BB81-A4D6F7F212BD} = {8496DF06-58D4-4D7E-B0A8-78A8C4146BB2}
		{B83F2C9C-8D46-4332-BE33-9969041581E2} = {8496DF06-58D4-4D7E-B0A8-78A8C4146BB2}
		{BA9705C6-2BDE-49AF-87F6-97452309F88B} = {8496DF06-58D4-4D7E-B0A8-78A8C4146BB2}
		{DF3AB6D4-0BD4-482B-AD05-670AE9869FF2} = {8496DF06-58D4-4D7E-B0A8-78A8C4146BB2}
		{900F6AD3-EE50-4B4F-A6EF-A668ED3C36F8} = {8496DF06-58D4-4D7E-B0A8-78A8C4146BB2}
		{0518E6AB-E9DE-47A9-9A8A-314132C13050} = {8496DF06-58D4-4D7E-B0A8-78A8C4146BB2}
		{3CDDB120-9209-4095-8A85-80E4AB2A6A3A} = {8496DF06-58D4-4D7E-B0A8-78A8C4146BB2}
		{94D3F7D5-4E15-4DC6-ACC6-F3DD664CE45E} = {8496DF06-58D4-4D7E-B0A8-78A8C4146BB2}
		{931BE85D-4B43-4ACE-B06E-B7602DAB2F84} = {94D3F7D5-4E15-4DC6-ACC6-F3DD664CE45E}
		{800CE257-EE54-40C9-8DDD-E7E0368581A0} = {1702903B-921E-4870-9FD7-382664A92E23}
	EndGlobalSection
EndGlobal
