
Microsoft Visual Studio Solution File, Format Version 12.00
Project("{FAE04EC0-301F-11D3-BF4B-00C04F79EFBC}") = "Relevance-Analysis", "Relevance-Analysis\Relevance-Analysis.csproj", "{D78B14A4-9368-4822-9FC2-6D20DDBCD66D}"
EndProject
Project("{FAE04EC0-301F-11D3-BF4B-00C04F79EFBC}") = "Feedback-Extraction", "Feedback-Extraction\Feedback-Extraction.csproj", "{187D8931-1BC5-4B5A-A468-B7EEE6C5B6F5}"
EndProject
Project("{FAE04EC0-301F-11D3-BF4B-00C04F79EFBC}") = "Opinion-Mining", "Opinion-Mining\Opinion-Mining.csproj", "{6F027271-AE4B-430A-A0F7-48BF26B9EBC4}"
EndProject
Project("{FAE04EC0-301F-11D3-BF4B-00C04F79EFBC}") = "Opinion-Points", "Opinion-Points\Opinion-Points.csproj", "{C4B7D5BE-1827-46AD-BDBB-6C9647D1F44D}"
EndProject
Global
	GlobalSection(SolutionConfigurationPlatforms) = preSolution
		Debug|Any CPU = Debug|Any CPU
		Release|Any CPU = Release|Any CPU
	EndGlobalSection
	GlobalSection(ProjectConfigurationPlatforms) = postSolution
		{D78B14A4-9368-4822-9FC2-6D20DDBCD66D}.Debug|Any CPU.ActiveCfg = Debug|Any CPU
		{D78B14A4-9368-4822-9FC2-6D20DDBCD66D}.Debug|Any CPU.Build.0 = Debug|Any CPU
		{D78B14A4-9368-4822-9FC2-6D20DDBCD66D}.Release|Any CPU.ActiveCfg = Release|Any CPU
		{D78B14A4-9368-4822-9FC2-6D20DDBCD66D}.Release|Any CPU.Build.0 = Release|Any CPU
		{187D8931-1BC5-4B5A-A468-B7EEE6C5B6F5}.Debug|Any CPU.ActiveCfg = Debug|Any CPU
		{187D8931-1BC5-4B5A-A468-B7EEE6C5B6F5}.Debug|Any CPU.Build.0 = Debug|Any CPU
		{187D8931-1BC5-4B5A-A468-B7EEE6C5B6F5}.Release|Any CPU.ActiveCfg = Release|Any CPU
		{187D8931-1BC5-4B5A-A468-B7EEE6C5B6F5}.Release|Any CPU.Build.0 = Release|Any CPU
		{6F027271-AE4B-430A-A0F7-48BF26B9EBC4}.Debug|Any CPU.ActiveCfg = Debug|Any CPU
		{6F027271-AE4B-430A-A0F7-48BF26B9EBC4}.Debug|Any CPU.Build.0 = Debug|Any CPU
		{6F027271-AE4B-430A-A0F7-48BF26B9EBC4}.Release|Any CPU.ActiveCfg = Release|Any CPU
		{6F027271-AE4B-430A-A0F7-48BF26B9EBC4}.Release|Any CPU.Build.0 = Release|Any CPU
		{C4B7D5BE-1827-46AD-BDBB-6C9647D1F44D}.Debug|Any CPU.ActiveCfg = Debug|Any CPU
		{C4B7D5BE-1827-46AD-BDBB-6C9647D1F44D}.Debug|Any CPU.Build.0 = Debug|Any CPU
		{C4B7D5BE-1827-46AD-BDBB-6C9647D1F44D}.Release|Any CPU.ActiveCfg = Release|Any CPU
		{C4B7D5BE-1827-46AD-BDBB-6C9647D1F44D}.Release|Any CPU.Build.0 = Release|Any CPU
	EndGlobalSection
EndGlobal
