
Microsoft Visual Studio Solution File, Format Version 12.00
Project("{FAE04EC0-301F-11D3-BF4B-00C04F79EFBC}") = "Relevance-Analysis", "Relevance-Analysis\Relevance-Analysis.csproj", "{D78B14A4-9368-4822-9FC2-6D20DDBCD66D}"
EndProject
Project("{FAE04EC0-301F-11D3-BF4B-00C04F79EFBC}") = "Feedback-Extraction", "Feedback-Extraction\Feedback-Extraction.csproj", "{187D8931-1BC5-4B5A-A468-B7EEE6C5B6F5}"
EndProject
Project("{FAE04EC0-301F-11D3-BF4B-00C04F79EFBC}") = "Opinion-Mining", "Opinion-Mining\Opinion-Mining.csproj", "{6F027271-AE4B-430A-A0F7-48BF26B9EBC4}"
EndProject
Project("{FAE04EC0-301F-11D3-BF4B-00C04F79EFBC}") = "Opinion-Points", "Opinion-Points\Opinion-Points.csproj", "{C4B7D5BE-1827-46AD-BDBB-6C9647D1F44D}"
EndProject
Project("{FAE04EC0-301F-11D3-BF4B-00C04F79EFBC}") = "Categorize-Opinions", "Categorize-Opinions\Categorize-Opinions.csproj", "{5C7E57A1-4B02-4828-AA25-6F7EB56EC2A2}"
EndProject
Project("{2150E333-8FDC-42A3-9474-1A3956D46DE8}") = "Feedbacks", "Feedbacks", "{04632B47-0FA7-4022-BC1B-B72D00717CD0}"
EndProject
Project("{FAE04EC0-301F-11D3-BF4B-00C04F79EFBC}") = "Feedbacks", "Feedbacks\Feedbacks.csproj", "{1062EF6B-81D7-44E7-9F5E-A38CF288D735}"
EndProject
Global
	GlobalSection(SolutionConfigurationPlatforms) = preSolution
		Debug|Any CPU = Debug|Any CPU
		Release|Any CPU = Release|Any CPU
	EndGlobalSection
	GlobalSection(ProjectConfigurationPlatforms) = postSolution
		{D78B14A4-9368-4822-9FC2-6D20DDBCD66D}.Debug|Any CPU.ActiveCfg = Debug|Any CPU
		{D78B14A4-9368-4822-9FC2-6D20DDBCD66D}.Debug|Any CPU.Build.0 = Debug|Any CPU
		{D78B14A4-9368-4822-9FC2-6D20DDBCD66D}.Release|Any CPU.ActiveCfg = Release|Any CPU
		{D78B14A4-9368-4822-9FC2-6D20DDBCD66D}.Release|Any CPU.Build.0 = Release|Any CPU
		{187D8931-1BC5-4B5A-A468-B7EEE6C5B6F5}.Debug|Any CPU.ActiveCfg = Debug|Any CPU
		{187D8931-1BC5-4B5A-A468-B7EEE6C5B6F5}.Debug|Any CPU.Build.0 = Debug|Any CPU
		{187D8931-1BC5-4B5A-A468-B7EEE6C5B6F5}.Release|Any CPU.ActiveCfg = Release|Any CPU
		{187D8931-1BC5-4B5A-A468-B7EEE6C5B6F5}.Release|Any CPU.Build.0 = Release|Any CPU
		{6F027271-AE4B-430A-A0F7-48BF26B9EBC4}.Debug|Any CPU.ActiveCfg = Debug|Any CPU
		{6F027271-AE4B-430A-A0F7-48BF26B9EBC4}.Debug|Any CPU.Build.0 = Debug|Any CPU
		{6F027271-AE4B-430A-A0F7-48BF26B9EBC4}.Release|Any CPU.ActiveCfg = Release|Any CPU
		{6F027271-AE4B-430A-A0F7-48BF26B9EBC4}.Release|Any CPU.Build.0 = Release|Any CPU
		{C4B7D5BE-1827-46AD-BDBB-6C9647D1F44D}.Debug|Any CPU.ActiveCfg = Debug|Any CPU
		{C4B7D5BE-1827-46AD-BDBB-6C9647D1F44D}.Debug|Any CPU.Build.0 = Debug|Any CPU
		{C4B7D5BE-1827-46AD-BDBB-6C9647D1F44D}.Release|Any CPU.ActiveCfg = Release|Any CPU
		{C4B7D5BE-1827-46AD-BDBB-6C9647D1F44D}.Release|Any CPU.Build.0 = Release|Any CPU
		{5C7E57A1-4B02-4828-AA25-6F7EB56EC2A2}.Debug|Any CPU.ActiveCfg = Debug|Any CPU
		{5C7E57A1-4B02-4828-AA25-6F7EB56EC2A2}.Debug|Any CPU.Build.0 = Debug|Any CPU
		{5C7E57A1-4B02-4828-AA25-6F7EB56EC2A2}.Release|Any CPU.ActiveCfg = Release|Any CPU
		{5C7E57A1-4B02-4828-AA25-6F7EB56EC2A2}.Release|Any CPU.Build.0 = Release|Any CPU
		{1062EF6B-81D7-44E7-9F5E-A38CF288D735}.Debug|Any CPU.ActiveCfg = Debug|Any CPU
		{1062EF6B-81D7-44E7-9F5E-A38CF288D735}.Debug|Any CPU.Build.0 = Debug|Any CPU
		{1062EF6B-81D7-44E7-9F5E-A38CF288D735}.Release|Any CPU.ActiveCfg = Release|Any CPU
		{1062EF6B-81D7-44E7-9F5E-A38CF288D735}.Release|Any CPU.Build.0 = Release|Any CPU
	EndGlobalSection
	GlobalSection(NestedProjects) = preSolution
		{1062EF6B-81D7-44E7-9F5E-A38CF288D735} = {04632B47-0FA7-4022-BC1B-B72D00717CD0}
	EndGlobalSection
EndGlobal
